
Microsoft Visual Studio Solution File, Format Version 12.00
# Visual Studio Version 17
VisualStudioVersion = 17.9.34622.214
MinimumVisualStudioVersion = 10.0.40219.1
Project("{9A19103F-16F7-4668-BE54-9A1E7A4F7556}") = "Teretana-Radnik", "Teretana-Radnik\Teretana-Radnik.csproj", "{3B8135E8-60B9-4E11-85A9-FB7B25F69DDC}"
EndProject
Global
	GlobalSection(SolutionConfigurationPlatforms) = preSolution
		Debug|Any CPU = Debug|Any CPU
		Release|Any CPU = Release|Any CPU
	EndGlobalSection
	GlobalSection(ProjectConfigurationPlatforms) = postSolution
		{3B8135E8-60B9-4E11-85A9-FB7B25F69DDC}.Debug|Any CPU.ActiveCfg = Debug|Any CPU
		{3B8135E8-60B9-4E11-85A9-FB7B25F69DDC}.Debug|Any CPU.Build.0 = Debug|Any CPU
		{3B8135E8-60B9-4E11-85A9-FB7B25F69DDC}.Release|Any CPU.ActiveCfg = Release|Any CPU
		{3B8135E8-60B9-4E11-85A9-FB7B25F69DDC}.Release|Any CPU.Build.0 = Release|Any CPU
	EndGlobalSection
	GlobalSection(SolutionProperties) = preSolution
		HideSolutionNode = FALSE
	EndGlobalSection
	GlobalSection(ExtensibilityGlobals) = postSolution
		SolutionGuid = {D57EE8CC-7896-447B-BFFC-AAC9FCCA4506}
	EndGlobalSection
EndGlobal
